
Microsoft Visual Studio Solution File, Format Version 12.00
# Visual Studio Version 17
VisualStudioVersion = 17.14.36202.13
MinimumVisualStudioVersion = 10.0.40219.1
Project("{FAE04EC0-301F-11D3-BF4B-00C04F79EFBC}") = "MyConsole", "MyConsole\MyConsole.csproj", "{4CE4E587-9EF9-4904-B8A9-168809E1C599}"
EndProject
Project("{FAE04EC0-301F-11D3-BF4B-00C04F79EFBC}") = "MyForm", "MyForm\MyForm.csproj", "{7C5B0DA4-42FC-4F44-9D59-30169C5B36DE}"
EndProject
Project("{FAE04EC0-301F-11D3-BF4B-00C04F79EFBC}") = "MyFile", "MyFile\MyFile.csproj", "{B91A9830-3626-437B-A579-844494650D12}"
EndProject
Project("{FAE04EC0-301F-11D3-BF4B-00C04F79EFBC}") = "MyAdoNet", "MyAdoNet\MyAdoNet.csproj", "{CE300FA1-E364-4732-A5CF-549E26651BFD}"
EndProject
Project("{FAE04EC0-301F-11D3-BF4B-00C04F79EFBC}") = "MyCrud", "MyCrud\MyCrud.csproj", "{3187F926-93AA-4F03-9793-0E557A95C094}"
EndProject
Project("{FAE04EC0-301F-11D3-BF4B-00C04F79EFBC}") = "myLog", "myLog\myLog.csproj", "{A0AE5E50-5D11-4CE9-8189-E8995169908D}"
EndProject
Project("{FAE04EC0-301F-11D3-BF4B-00C04F79EFBC}") = "exam", "exam\exam.csproj", "{5B5551DC-D988-4ACD-B77C-3D931657DBA1}"
	ProjectSection(ProjectDependencies) = postProject
		{70DF8D47-FE7E-4BA0-ADD0-5C7207B00012} = {70DF8D47-FE7E-4BA0-ADD0-5C7207B00012}
	EndProjectSection
EndProject
Project("{FAE04EC0-301F-11D3-BF4B-00C04F79EFBC}") = "exam_SphereCalculator", "exam_SphereCalculator\exam_SphereCalculator.csproj", "{70DF8D47-FE7E-4BA0-ADD0-5C7207B00012}"
EndProject
Global
	GlobalSection(SolutionConfigurationPlatforms) = preSolution
		Debug|Any CPU = Debug|Any CPU
		Release|Any CPU = Release|Any CPU
	EndGlobalSection
	GlobalSection(ProjectConfigurationPlatforms) = postSolution
		{4CE4E587-9EF9-4904-B8A9-168809E1C599}.Debug|Any CPU.ActiveCfg = Debug|Any CPU
		{4CE4E587-9EF9-4904-B8A9-168809E1C599}.Debug|Any CPU.Build.0 = Debug|Any CPU
		{4CE4E587-9EF9-4904-B8A9-168809E1C599}.Release|Any CPU.ActiveCfg = Release|Any CPU
		{4CE4E587-9EF9-4904-B8A9-168809E1C599}.Release|Any CPU.Build.0 = Release|Any CPU
		{7C5B0DA4-42FC-4F44-9D59-30169C5B36DE}.Debug|Any CPU.ActiveCfg = Debug|Any CPU
		{7C5B0DA4-42FC-4F44-9D59-30169C5B36DE}.Debug|Any CPU.Build.0 = Debug|Any CPU
		{7C5B0DA4-42FC-4F44-9D59-30169C5B36DE}.Release|Any CPU.ActiveCfg = Release|Any CPU
		{7C5B0DA4-42FC-4F44-9D59-30169C5B36DE}.Release|Any CPU.Build.0 = Release|Any CPU
		{B91A9830-3626-437B-A579-844494650D12}.Debug|Any CPU.ActiveCfg = Debug|Any CPU
		{B91A9830-3626-437B-A579-844494650D12}.Debug|Any CPU.Build.0 = Debug|Any CPU
		{B91A9830-3626-437B-A579-844494650D12}.Release|Any CPU.ActiveCfg = Release|Any CPU
		{B91A9830-3626-437B-A579-844494650D12}.Release|Any CPU.Build.0 = Release|Any CPU
		{CE300FA1-E364-4732-A5CF-549E26651BFD}.Debug|Any CPU.ActiveCfg = Debug|Any CPU
		{CE300FA1-E364-4732-A5CF-549E26651BFD}.Debug|Any CPU.Build.0 = Debug|Any CPU
		{CE300FA1-E364-4732-A5CF-549E26651BFD}.Release|Any CPU.ActiveCfg = Release|Any CPU
		{CE300FA1-E364-4732-A5CF-549E26651BFD}.Release|Any CPU.Build.0 = Release|Any CPU
		{3187F926-93AA-4F03-9793-0E557A95C094}.Debug|Any CPU.ActiveCfg = Debug|Any CPU
		{3187F926-93AA-4F03-9793-0E557A95C094}.Debug|Any CPU.Build.0 = Debug|Any CPU
		{3187F926-93AA-4F03-9793-0E557A95C094}.Release|Any CPU.ActiveCfg = Release|Any CPU
		{3187F926-93AA-4F03-9793-0E557A95C094}.Release|Any CPU.Build.0 = Release|Any CPU
		{A0AE5E50-5D11-4CE9-8189-E8995169908D}.Debug|Any CPU.ActiveCfg = Debug|Any CPU
		{A0AE5E50-5D11-4CE9-8189-E8995169908D}.Debug|Any CPU.Build.0 = Debug|Any CPU
		{A0AE5E50-5D11-4CE9-8189-E8995169908D}.Release|Any CPU.ActiveCfg = Release|Any CPU
		{A0AE5E50-5D11-4CE9-8189-E8995169908D}.Release|Any CPU.Build.0 = Release|Any CPU
		{5B5551DC-D988-4ACD-B77C-3D931657DBA1}.Debug|Any CPU.ActiveCfg = Debug|Any CPU
		{5B5551DC-D988-4ACD-B77C-3D931657DBA1}.Debug|Any CPU.Build.0 = Debug|Any CPU
		{5B5551DC-D988-4ACD-B77C-3D931657DBA1}.Release|Any CPU.ActiveCfg = Release|Any CPU
		{5B5551DC-D988-4ACD-B77C-3D931657DBA1}.Release|Any CPU.Build.0 = Release|Any CPU
		{70DF8D47-FE7E-4BA0-ADD0-5C7207B00012}.Debug|Any CPU.ActiveCfg = Debug|Any CPU
		{70DF8D47-FE7E-4BA0-ADD0-5C7207B00012}.Debug|Any CPU.Build.0 = Debug|Any CPU
		{70DF8D47-FE7E-4BA0-ADD0-5C7207B00012}.Release|Any CPU.ActiveCfg = Release|Any CPU
		{70DF8D47-FE7E-4BA0-ADD0-5C7207B00012}.Release|Any CPU.Build.0 = Release|Any CPU
	EndGlobalSection
	GlobalSection(SolutionProperties) = preSolution
		HideSolutionNode = FALSE
	EndGlobalSection
	GlobalSection(ExtensibilityGlobals) = postSolution
		SolutionGuid = {A151E885-7CD7-4288-AB75-AD85ACE3785C}
	EndGlobalSection
EndGlobal
